// !$*UTF8*$!
{
	archiveVersion = 1;
	classes = {
	};
	objectVersion = 46;
	objects = {

/* Begin PBXBuildFile section */
		110AFB921EC15A9B002CF903 /* AppDelegate.swift in Sources */ = {isa = PBXBuildFile; fileRef = 110AFB911EC15A9B002CF903 /* AppDelegate.swift */; };
		110AFB941EC15A9B002CF903 /* ViewController.swift in Sources */ = {isa = PBXBuildFile; fileRef = 110AFB931EC15A9B002CF903 /* ViewController.swift */; };
		110AFB971EC15A9B002CF903 /* Main.storyboard in Resources */ = {isa = PBXBuildFile; fileRef = 110AFB951EC15A9B002CF903 /* Main.storyboard */; };
		110AFB991EC15A9B002CF903 /* Assets.xcassets in Resources */ = {isa = PBXBuildFile; fileRef = 110AFB981EC15A9B002CF903 /* Assets.xcassets */; };
		110AFB9C1EC15A9B002CF903 /* LaunchScreen.storyboard in Resources */ = {isa = PBXBuildFile; fileRef = 110AFB9A1EC15A9B002CF903 /* LaunchScreen.storyboard */; };
		110AFBA41EC163CD002CF903 /* LoopPlayCollectionViewCell.swift in Sources */ = {isa = PBXBuildFile; fileRef = 110AFBA31EC163CD002CF903 /* LoopPlayCollectionViewCell.swift */; };
/* End PBXBuildFile section */

/* Begin PBXFileReference section */
		110AFB8E1EC15A9B002CF903 /* LoopPlay.app */ = {isa = PBXFileReference; explicitFileType = wrapper.application; includeInIndex = 0; path = LoopPlay.app; sourceTree = BUILT_PRODUCTS_DIR; };
		110AFB911EC15A9B002CF903 /* AppDelegate.swift */ = {isa = PBXFileReference; lastKnownFileType = sourcecode.swift; path = AppDelegate.swift; sourceTree = "<group>"; };
		110AFB931EC15A9B002CF903 /* ViewController.swift */ = {isa = PBXFileReference; lastKnownFileType = sourcecode.swift; path = ViewController.swift; sourceTree = "<group>"; };
		110AFB961EC15A9B002CF903 /* Base */ = {isa = PBXFileReference; lastKnownFileType = file.storyboard; name = Base; path = Base.lproj/Main.storyboard; sourceTree = "<group>"; };
		110AFB981EC15A9B002CF903 /* Assets.xcassets */ = {isa = PBXFileReference; lastKnownFileType = folder.assetcatalog; path = Assets.xcassets; sourceTree = "<group>"; };
		110AFB9B1EC15A9B002CF903 /* Base */ = {isa = PBXFileReference; lastKnownFileType = file.storyboard; name = Base; path = Base.lproj/LaunchScreen.storyboard; sourceTree = "<group>"; };
		110AFB9D1EC15A9B002CF903 /* Info.plist */ = {isa = PBXFileReference; lastKnownFileType = text.plist.xml; path = Info.plist; sourceTree = "<group>"; };
		110AFBA31EC163CD002CF903 /* LoopPlayCollectionViewCell.swift */ = {isa = PBXFileReference; fileEncoding = 4; lastKnownFileType = sourcecode.swift; path = LoopPlayCollectionViewCell.swift; sourceTree = "<group>"; };
/* End PBXFileReference section */

/* Begin PBXFrameworksBuildPhase section */
		110AFB8B1EC15A9B002CF903 /* Frameworks */ = {
			isa = PBXFrameworksBuildPhase;
			buildActionMask = 2147483647;
			files = (
			);
			runOnlyForDeploymentPostprocessing = 0;
		};
/* End PBXFrameworksBuildPhase section */

/* Begin PBXGroup section */
		110AFB851EC15A9B002CF903 = {
			isa = PBXGroup;
			children = (
				110AFB901EC15A9B002CF903 /* LoopPlay */,
				110AFB8F1EC15A9B002CF903 /* Products */,
			);
			sourceTree = "<group>";
		};
		110AFB8F1EC15A9B002CF903 /* Products */ = {
			isa = PBXGroup;
			children = (
				110AFB8E1EC15A9B002CF903 /* LoopPlay.app */,
			);
			name = Products;
			sourceTree = "<group>";
		};
		110AFB901EC15A9B002CF903 /* LoopPlay */ = {
			isa = PBXGroup;
			children = (
				110AFB911EC15A9B002CF903 /* AppDelegate.swift */,
				110AFB931EC15A9B002CF903 /* ViewController.swift */,
				110AFBA31EC163CD002CF903 /* LoopPlayCollectionViewCell.swift */,
				110AFB951EC15A9B002CF903 /* Main.storyboard */,
				110AFB981EC15A9B002CF903 /* Assets.xcassets */,
				110AFB9A1EC15A9B002CF903 /* LaunchScreen.storyboard */,
				110AFB9D1EC15A9B002CF903 /* Info.plist */,
			);
			path = LoopPlay;
			sourceTree = "<group>";
		};
/* End PBXGroup section */

/* Begin PBXNativeTarget section */
		110AFB8D1EC15A9B002CF903 /* LoopPlay */ = {
			isa = PBXNativeTarget;
			buildConfigurationList = 110AFBA01EC15A9B002CF903 /* Build configuration list for PBXNativeTarget "LoopPlay" */;
			buildPhases = (
				110AFB8A1EC15A9B002CF903 /* Sources */,
				110AFB8B1EC15A9B002CF903 /* Frameworks */,
				110AFB8C1EC15A9B002CF903 /* Resources */,
			);
			buildRules = (
			);
			dependencies = (
			);
			name = LoopPlay;
			productName = LoopPlay;
			productReference = 110AFB8E1EC15A9B002CF903 /* LoopPlay.app */;
			productType = "com.apple.product-type.application";
		};
/* End PBXNativeTarget section */

/* Begin PBXProject section */
		110AFB861EC15A9B002CF903 /* Project object */ = {
			isa = PBXProject;
			attributes = {
				LastSwiftUpdateCheck = 0830;
				LastUpgradeCheck = 0830;
				ORGANIZATIONNAME = huangjiashu;
				TargetAttributes = {
					110AFB8D1EC15A9B002CF903 = {
						CreatedOnToolsVersion = 8.3.2;
						ProvisioningStyle = Automatic;
					};
				};
			};
			buildConfigurationList = 110AFB891EC15A9B002CF903 /* Build configuration list for PBXProject "LoopPlay" */;
			compatibilityVersion = "Xcode 3.2";
			developmentRegion = English;
			hasScannedForEncodings = 0;
			knownRegions = (
				en,
				Base,
			);
			mainGroup = 110AFB851EC15A9B002CF903;
			productRefGroup = 110AFB8F1EC15A9B002CF903 /* Products */;
			projectDirPath = "";
			projectRoot = "";
			targets = (
				110AFB8D1EC15A9B002CF903 /* LoopPlay */,
			);
		};
/* End PBXProject section */

/* Begin PBXResourcesBuildPhase section */
		110AFB8C1EC15A9B002CF903 /* Resources */ = {
			isa = PBXResourcesBuildPhase;
			buildActionMask = 2147483647;
			files = (
				110AFB9C1EC15A9B002CF903 /* LaunchScreen.storyboard in Resources */,
				110AFB991EC15A9B002CF903 /* Assets.xcassets in Resources */,
				110AFB971EC15A9B002CF903 /* Main.storyboard in Resources */,
			);
			runOnlyForDeploymentPostprocessing = 0;
		};
/* End PBXResourcesBuildPhase section */

/* Begin PBXSourcesBuildPhase section */
		110AFB8A1EC15A9B002CF903 /* Sources */ = {
			isa = PBXSourcesBuildPhase;
			buildActionMask = 2147483647;
			files = (
				110AFBA41EC163CD002CF903 /* LoopPlayCollectionViewCell.swift in Sources */,
				110AFB941EC15A9B002CF903 /* ViewController.swift in Sources */,
				110AFB921EC15A9B002CF903 /* AppDelegate.swift in Sources */,
			);
			runOnlyForDeploymentPostprocessing = 0;
		};
/* End PBXSourcesBuildPhase section */

/* Begin PBXVariantGroup section */
		110AFB951EC15A9B002CF903 /* Main.storyboard */ = {
			isa = PBXVariantGroup;
			children = (
				110AFB961EC15A9B002CF903 /* Base */,
			);
			name = Main.storyboard;
			sourceTree = "<group>";
		};
		110AFB9A1EC15A9B002CF903 /* LaunchScreen.storyboard */ = {
			isa = PBXVariantGroup;
			children = (
				110AFB9B1EC15A9B002CF903 /* Base */,
			);
			name = LaunchScreen.storyboard;
			sourceTree = "<group>";
		};
/* End PBXVariantGroup section */

/* Begin XCBuildConfiguration section */
		110AFB9E1EC15A9B002CF903 /* Debug */ = {
			isa = XCBuildConfiguration;
			buildSettings = {
				ALWAYS_SEARCH_USER_PATHS = NO;
				CLANG_ANALYZER_NONNULL = YES;
				CLANG_ANALYZER_NUMBER_OBJECT_CONVERSION = YES_AGGRESSIVE;
				CLANG_CXX_LANGUAGE_STANDARD = "gnu++0x";
				CLANG_CXX_LIBRARY = "libc++";
				CLANG_ENABLE_MODULES = YES;
				CLANG_ENABLE_OBJC_ARC = YES;
				CLANG_WARN_BOOL_CONVERSION = YES;
				CLANG_WARN_CONSTANT_CONVERSION = YES;
				CLANG_WARN_DIRECT_OBJC_ISA_USAGE = YES_ERROR;
				CLANG_WARN_DOCUMENTATION_COMMENTS = YES;
				CLANG_WARN_EMPTY_BODY = YES;
				CLANG_WARN_ENUM_CONVERSION = YES;
				CLANG_WARN_INFINITE_RECURSION = YES;
				CLANG_WARN_INT_CONVERSION = YES;
				CLANG_WARN_OBJC_ROOT_CLASS = YES_ERROR;
				CLANG_WARN_SUSPICIOUS_MOVE = YES;
				CLANG_WARN_UNREACHABLE_CODE = YES;
				CLANG_WARN__DUPLICATE_METHOD_MATCH = YES;
				"CODE_SIGN_IDENTITY[sdk=iphoneos*]" = "iPhone Developer";
				COPY_PHASE_STRIP = NO;
				DEBUG_INFORMATION_FORMAT = dwarf;
				ENABLE_STRICT_OBJC_MSGSEND = YES;
				ENABLE_TESTABILITY = YES;
				GCC_C_LANGUAGE_STANDARD = gnu99;
				GCC_DYNAMIC_NO_PIC = NO;
				GCC_NO_COMMON_BLOCKS = YES;
				GCC_OPTIMIZATION_LEVEL = 0;
				GCC_PREPROCESSOR_DEFINITIONS = (
					"DEBUG=1",
					"$(inherited)",
				);
				GCC_WARN_64_TO_32_BIT_CONVERSION = YES;
				GCC_WARN_ABOUT_RETURN_TYPE = YES_ERROR;
				GCC_WARN_UNDECLARED_SELECTOR = YES;
				GCC_WARN_UNINITIALIZED_AUTOS = YES_AGGRESSIVE;
				GCC_WARN_UNUSED_FUNCTION = YES;
				GCC_WARN_UNUSED_VARIABLE = YES;
				IPHONEOS_DEPLOYMENT_TARGET = 10.3;
				MTL_ENABLE_DEBUG_INFO = YES;
				ONLY_ACTIVE_ARCH = YES;
				SDKROOT = iphoneos;
				SWIFT_ACTIVE_COMPILATION_CONDITIONS = DEBUG;
				SWIFT_OPTIMIZATION_LEVEL = "-Onone";
			};
			name = Debug;
		};
		110AFB9F1EC15A9B002CF903 /* Release */ = {
			isa = XCBuildConfiguration;
			buildSettings = {
				ALWAYS_SEARCH_USER_PATHS = NO;
				CLANG_ANALYZER_NONNULL = YES;
				CLANG_ANALYZER_NUMBER_OBJECT_CONVERSION = YES_AGGRESSIVE;
				CLANG_CXX_LANGUAGE_STANDARD = "gnu++0x";
				CLANG_CXX_LIBRARY = "libc++";
				CLANG_ENABLE_MODULES = YES;
				CLANG_ENABLE_OBJC_ARC = YES;
				CLANG_WARN_BOOL_CONVERSION = YES;
				CLANG_WARN_CONSTANT_CONVERSION = YES;
				CLANG_WARN_DIRECT_OBJC_ISA_USAGE = YES_ERROR;
				CLANG_WARN_DOCUMENTATION_COMMENTS = YES;
				CLANG_WARN_EMPTY_BODY = YES;
				CLANG_WARN_ENUM_CONVERSION = YES;
				CLANG_WARN_INFINITE_RECURSION = YES;
				CLANG_WARN_INT_CONVERSION = YES;
				CLANG_WARN_OBJC_ROOT_CLASS = YES_ERROR;
				CLANG_WARN_SUSPICIOUS_MOVE = YES;
				CLANG_WARN_UNREACHABLE_CODE = YES;
				CLANG_WARN__DUPLICATE_METHOD_MATCH = YES;
				"CODE_SIGN_IDENTITY[sdk=iphoneos*]" = "iPhone Developer";
				COPY_PHASE_STRIP = NO;
				DEBUG_INFORMATION_FORMAT = "dwarf-with-dsym";
				ENABLE_NS_ASSERTIONS = NO;
				ENABLE_STRICT_OBJC_MSGSEND = YES;
				GCC_C_LANGUAGE_STANDARD = gnu99;
				GCC_NO_COMMON_BLOCKS = YES;
				GCC_WARN_64_TO_32_BIT_CONVERSION = YES;
				GCC_WARN_ABOUT_RETURN_TYPE = YES_ERROR;
				GCC_WARN_UNDECLARED_SELECTOR = YES;
				GCC_WARN_UNINITIALIZED_AUTOS = YES_AGGRESSIVE;
				GCC_WARN_UNUSED_FUNCTION = YES;
				GCC_WARN_UNUSED_VARIABLE = YES;
				IPHONEOS_DEPLOYMENT_TARGET = 10.3;
				MTL_ENABLE_DEBUG_INFO = NO;
				SDKROOT = iphoneos;
				SWIFT_OPTIMIZATION_LEVEL = "-Owholemodule";
				VALIDATE_PRODUCT = YES;
			};
			name = Release;
		};
		110AFBA11EC15A9B002CF903 /* Debug */ = {
			isa = XCBuildConfiguration;
			buildSettings = {
				ASSETCATALOG_COMPILER_APPICON_NAME = AppIcon;
				INFOPLIST_FILE = LoopPlay/Info.plist;
				LD_RUNPATH_SEARCH_PATHS = "$(inherited) @executable_path/Frameworks";
				PRODUCT_BUNDLE_IDENTIFIER = shujiahuang.LoopPlay;
				PRODUCT_NAME = "$(TARGET_NAME)";
				SWIFT_VERSION = 3.0;
			};
			name = Debug;
		};
		110AFBA21EC15A9B002CF903 /* Release */ = {
			isa = XCBuildConfiguration;
			buildSettings = {
				ASSETCATALOG_COMPILER_APPICON_NAME = AppIcon;
				INFOPLIST_FILE = LoopPlay/Info.plist;
				LD_RUNPATH_SEARCH_PATHS = "$(inherited) @executable_path/Frameworks";
				PRODUCT_BUNDLE_IDENTIFIER = shujiahuang.LoopPlay;
				PRODUCT_NAME = "$(TARGET_NAME)";
				SWIFT_VERSION = 3.0;
			};
			name = Release;
		};
/* End XCBuildConfiguration section */

/* Begin XCConfigurationList section */
		110AFB891EC15A9B002CF903 /* Build configuration list for PBXProject "LoopPlay" */ = {
			isa = XCConfigurationList;
			buildConfigurations = (
				110AFB9E1EC15A9B002CF903 /* Debug */,
				110AFB9F1EC15A9B002CF903 /* Release */,
			);
			defaultConfigurationIsVisible = 0;
			defaultConfigurationName = Release;
		};
		110AFBA01EC15A9B002CF903 /* Build configuration list for PBXNativeTarget "LoopPlay" */ = {
			isa = XCConfigurationList;
			buildConfigurations = (
				110AFBA11EC15A9B002CF903 /* Debug */,
				110AFBA21EC15A9B002CF903 /* Release */,
			);
			defaultConfigurationIsVisible = 0;
		};
/* End XCConfigurationList section */
	};
	rootObject = 110AFB861EC15A9B002CF903 /* Project object */;
}
